
Microsoft Visual Studio Solution File, Format Version 12.00
# Visual Studio 14
VisualStudioVersion = 14.0.25420.1
MinimumVisualStudioVersion = 10.0.40219.1
Project("{FAE04EC0-301F-11D3-BF4B-00C04F79EFBC}") = "KPMGSample", "KPMGSample\KPMGSample.csproj", "{21290F57-E079-4408-9997-618B1BF2B7DD}"
EndProject
Project("{FAE04EC0-301F-11D3-BF4B-00C04F79EFBC}") = "KPMGSample.Tests", "KPMGSample.Tests\KPMGSample.Tests.csproj", "{4981A6CD-8D72-40A7-BB8F-A87B014492BB}"
EndProject
Global
	GlobalSection(SolutionConfigurationPlatforms) = preSolution
		Debug|Any CPU = Debug|Any CPU
		Release|Any CPU = Release|Any CPU
	EndGlobalSection
	GlobalSection(ProjectConfigurationPlatforms) = postSolution
		{21290F57-E079-4408-9997-618B1BF2B7DD}.Debug|Any CPU.ActiveCfg = Debug|Any CPU
		{21290F57-E079-4408-9997-618B1BF2B7DD}.Debug|Any CPU.Build.0 = Debug|Any CPU
		{21290F57-E079-4408-9997-618B1BF2B7DD}.Release|Any CPU.ActiveCfg = Release|Any CPU
		{21290F57-E079-4408-9997-618B1BF2B7DD}.Release|Any CPU.Build.0 = Release|Any CPU
		{4981A6CD-8D72-40A7-BB8F-A87B014492BB}.Debug|Any CPU.ActiveCfg = Debug|Any CPU
		{4981A6CD-8D72-40A7-BB8F-A87B014492BB}.Debug|Any CPU.Build.0 = Debug|Any CPU
		{4981A6CD-8D72-40A7-BB8F-A87B014492BB}.Release|Any CPU.ActiveCfg = Release|Any CPU
		{4981A6CD-8D72-40A7-BB8F-A87B014492BB}.Release|Any CPU.Build.0 = Release|Any CPU
	EndGlobalSection
	GlobalSection(SolutionProperties) = preSolution
		HideSolutionNode = FALSE
	EndGlobalSection
EndGlobal
